
Microsoft Visual Studio Solution File, Format Version 12.00
Project("{FAE04EC0-301F-11D3-BF4B-00C04F79EFBC}") = "Telegram.Bot", "Telegram.Bot\Telegram.Bot.csproj", "{5B123E45-3740-4D9E-B919-216381CE1BBB}"
EndProject
Project("{FAE04EC0-301F-11D3-BF4B-00C04F79EFBC}") = "Common", "Common\Common.csproj", "{A3ECCBE1-F370-417D-9DD0-90C645E43967}"
EndProject
Project("{FAE04EC0-301F-11D3-BF4B-00C04F79EFBC}") = "Telegram.Api", "Telegram.Api\Telegram.Api.csproj", "{4AD75D73-6DB2-4253-89F5-0BF674E39FB5}"
EndProject
Global
	GlobalSection(SolutionConfigurationPlatforms) = preSolution
		Debug|Any CPU = Debug|Any CPU
		Release|Any CPU = Release|Any CPU
	EndGlobalSection
	GlobalSection(ProjectConfigurationPlatforms) = postSolution
		{5B123E45-3740-4D9E-B919-216381CE1BBB}.Debug|Any CPU.ActiveCfg = Debug|Any CPU
		{5B123E45-3740-4D9E-B919-216381CE1BBB}.Debug|Any CPU.Build.0 = Debug|Any CPU
		{5B123E45-3740-4D9E-B919-216381CE1BBB}.Release|Any CPU.ActiveCfg = Release|Any CPU
		{5B123E45-3740-4D9E-B919-216381CE1BBB}.Release|Any CPU.Build.0 = Release|Any CPU
		{A3ECCBE1-F370-417D-9DD0-90C645E43967}.Debug|Any CPU.ActiveCfg = Debug|Any CPU
		{A3ECCBE1-F370-417D-9DD0-90C645E43967}.Debug|Any CPU.Build.0 = Debug|Any CPU
		{A3ECCBE1-F370-417D-9DD0-90C645E43967}.Release|Any CPU.ActiveCfg = Release|Any CPU
		{A3ECCBE1-F370-417D-9DD0-90C645E43967}.Release|Any CPU.Build.0 = Release|Any CPU
		{4AD75D73-6DB2-4253-89F5-0BF674E39FB5}.Debug|Any CPU.ActiveCfg = Debug|Any CPU
		{4AD75D73-6DB2-4253-89F5-0BF674E39FB5}.Debug|Any CPU.Build.0 = Debug|Any CPU
		{4AD75D73-6DB2-4253-89F5-0BF674E39FB5}.Release|Any CPU.ActiveCfg = Release|Any CPU
		{4AD75D73-6DB2-4253-89F5-0BF674E39FB5}.Release|Any CPU.Build.0 = Release|Any CPU
	EndGlobalSection
EndGlobal
