
Microsoft Visual Studio Solution File, Format Version 11.00
# Visual Studio 2010
Project("{FAE04EC0-301F-11D3-BF4B-00C04F79EFBC}") = "TelegramBot", "TelegramBot.csproj", "{F9CE2E44-5230-4732-8E99-DFD765A3BE05}"
EndProject
Global
	GlobalSection(SolutionConfigurationPlatforms) = preSolution
		Debug|x86 = Debug|x86
		Release|x86 = Release|x86
	EndGlobalSection
	GlobalSection(ProjectConfigurationPlatforms) = postSolution
		{F9CE2E44-5230-4732-8E99-DFD765A3BE05}.Debug|x86.ActiveCfg = Debug|x86
		{F9CE2E44-5230-4732-8E99-DFD765A3BE05}.Debug|x86.Build.0 = Debug|x86
		{F9CE2E44-5230-4732-8E99-DFD765A3BE05}.Release|x86.ActiveCfg = Release|x86
		{F9CE2E44-5230-4732-8E99-DFD765A3BE05}.Release|x86.Build.0 = Release|x86
	EndGlobalSection
EndGlobal
